Microsoft Visual Studio Solution File, Format Version 12.00
# Visual Studio 2012
Project("{FAE04EC0-301F-11D3-BF4B-00C04F79EFBC}") = "SpriteGenerator", "SpriteGenerator.csproj", "{534E39FE-6386-487F-98AA-131E3B0ECEDA}"
EndProject
Global
	GlobalSection(SolutionConfigurationPlatforms) = preSolution
	Debug|Any CPU = Debug|Any CPU
	ExportDebug|Any CPU = ExportDebug|Any CPU
	ExportRelease|Any CPU = ExportRelease|Any CPU
	EndGlobalSection
	GlobalSection(ProjectConfigurationPlatforms) = postSolution
		{534E39FE-6386-487F-98AA-131E3B0ECEDA}.Debug|Any CPU.ActiveCfg = Debug|Any CPU
		{534E39FE-6386-487F-98AA-131E3B0ECEDA}.Debug|Any CPU.Build.0 = Debug|Any CPU
		{534E39FE-6386-487F-98AA-131E3B0ECEDA}.ExportDebug|Any CPU.ActiveCfg = ExportDebug|Any CPU
		{534E39FE-6386-487F-98AA-131E3B0ECEDA}.ExportDebug|Any CPU.Build.0 = ExportDebug|Any CPU
		{534E39FE-6386-487F-98AA-131E3B0ECEDA}.ExportRelease|Any CPU.ActiveCfg = ExportRelease|Any CPU
		{534E39FE-6386-487F-98AA-131E3B0ECEDA}.ExportRelease|Any CPU.Build.0 = ExportRelease|Any CPU
	EndGlobalSection
EndGlobal
